
Microsoft Visual Studio Solution File, Format Version 12.00
# Visual Studio Version 17
VisualStudioVersion = 17.4.33205.214
MinimumVisualStudioVersion = 10.0.40219.1
Project("{FAE04EC0-301F-11D3-BF4B-00C04F79EFBC}") = "Entities", "Entities\Entities.csproj", "{46DD5C04-34CC-4BCA-92E3-0D01DC1ACD33}"
EndProject
Project("{2150E333-8FDC-42A3-9474-1A3956D46DE8}") = "1 - Apis", "1 - Apis", "{A04F331E-AF53-47DB-A88F-DCA3153C589C}"
EndProject
Project("{2150E333-8FDC-42A3-9474-1A3956D46DE8}") = "2 - Domain", "2 - Domain", "{69C86A5F-4D8E-44AE-9FF0-E9CB78DA3615}"
EndProject
Project("{2150E333-8FDC-42A3-9474-1A3956D46DE8}") = "3 - Infra", "3 - Infra", "{1F66A7E9-2B19-4766-9EE4-918ED76730C1}"
EndProject
Project("{2150E333-8FDC-42A3-9474-1A3956D46DE8}") = "4 - Entities", "4 - Entities", "{2F20FBD6-CD49-4FE9-978F-CF049ACD9CD1}"
EndProject
Project("{2150E333-8FDC-42A3-9474-1A3956D46DE8}") = "5 - Test", "5 - Test", "{A7AD21F9-32B5-413F-A2F9-78F494969093}"
EndProject
Project("{FAE04EC0-301F-11D3-BF4B-00C04F79EFBC}") = "Infrastructure", "Infrastructure\Infrastructure.csproj", "{FAFA486A-4900-448C-9DEC-2ADA2E1A74A6}"
EndProject
Project("{FAE04EC0-301F-11D3-BF4B-00C04F79EFBC}") = "Domain", "Domain\Domain.csproj", "{D442E40A-5851-4A13-84ED-E6F1ECB30D62}"
EndProject
Global
	GlobalSection(SolutionConfigurationPlatforms) = preSolution
		Debug|Any CPU = Debug|Any CPU
		Release|Any CPU = Release|Any CPU
	EndGlobalSection
	GlobalSection(ProjectConfigurationPlatforms) = postSolution
		{46DD5C04-34CC-4BCA-92E3-0D01DC1ACD33}.Debug|Any CPU.ActiveCfg = Debug|Any CPU
		{46DD5C04-34CC-4BCA-92E3-0D01DC1ACD33}.Debug|Any CPU.Build.0 = Debug|Any CPU
		{46DD5C04-34CC-4BCA-92E3-0D01DC1ACD33}.Release|Any CPU.ActiveCfg = Release|Any CPU
		{46DD5C04-34CC-4BCA-92E3-0D01DC1ACD33}.Release|Any CPU.Build.0 = Release|Any CPU
		{FAFA486A-4900-448C-9DEC-2ADA2E1A74A6}.Debug|Any CPU.ActiveCfg = Debug|Any CPU
		{FAFA486A-4900-448C-9DEC-2ADA2E1A74A6}.Debug|Any CPU.Build.0 = Debug|Any CPU
		{FAFA486A-4900-448C-9DEC-2ADA2E1A74A6}.Release|Any CPU.ActiveCfg = Release|Any CPU
		{FAFA486A-4900-448C-9DEC-2ADA2E1A74A6}.Release|Any CPU.Build.0 = Release|Any CPU
		{D442E40A-5851-4A13-84ED-E6F1ECB30D62}.Debug|Any CPU.ActiveCfg = Debug|Any CPU
		{D442E40A-5851-4A13-84ED-E6F1ECB30D62}.Debug|Any CPU.Build.0 = Debug|Any CPU
		{D442E40A-5851-4A13-84ED-E6F1ECB30D62}.Release|Any CPU.ActiveCfg = Release|Any CPU
		{D442E40A-5851-4A13-84ED-E6F1ECB30D62}.Release|Any CPU.Build.0 = Release|Any CPU
	EndGlobalSection
	GlobalSection(SolutionProperties) = preSolution
		HideSolutionNode = FALSE
	EndGlobalSection
	GlobalSection(NestedProjects) = preSolution
		{46DD5C04-34CC-4BCA-92E3-0D01DC1ACD33} = {2F20FBD6-CD49-4FE9-978F-CF049ACD9CD1}
		{FAFA486A-4900-448C-9DEC-2ADA2E1A74A6} = {1F66A7E9-2B19-4766-9EE4-918ED76730C1}
		{D442E40A-5851-4A13-84ED-E6F1ECB30D62} = {69C86A5F-4D8E-44AE-9FF0-E9CB78DA3615}
	EndGlobalSection
	GlobalSection(ExtensibilityGlobals) = postSolution
		SolutionGuid = {E637032B-BDD8-41A5-9A86-8163840E7881}
	EndGlobalSection
EndGlobal
